// !$*UTF8*$!
{
	archiveVersion = 1;
	classes = {
	};
	objectVersion = 56;
	objects = {

/* Begin PBXBuildFile section */
		F56BD5FD2B20E44D00EBF131 /* HackingSwiftApp.swift in Sources */ = {isa = PBXBuildFile; fileRef = F56BD5FC2B20E44D00EBF131 /* HackingSwiftApp.swift */; };
		F56BD5FF2B20E44D00EBF131 /* ContentView.swift in Sources */ = {isa = PBXBuildFile; fileRef = F56BD5FE2B20E44D00EBF131 /* ContentView.swift */; };
		F56BD6012B20E44E00EBF131 /* Assets.xcassets in Resources */ = {isa = PBXBuildFile; fileRef = F56BD6002B20E44E00EBF131 /* Assets.xcassets */; };
		F56BD6042B20E44E00EBF131 /* Preview Assets.xcassets in Resources */ = {isa = PBXBuildFile; fileRef = F56BD6032B20E44E00EBF131 /* Preview Assets.xcassets */; };
		F56BD6102B20E5F600EBF131 /* Order.swift in Sources */ = {isa = PBXBuildFile; fileRef = F56BD60B2B20E5F600EBF131 /* Order.swift */; };
		F56BD6112B20E5F600EBF131 /* menu.json in Resources */ = {isa = PBXBuildFile; fileRef = F56BD60C2B20E5F600EBF131 /* menu.json */; };
		F56BD6122B20E5F600EBF131 /* Menu.swift in Sources */ = {isa = PBXBuildFile; fileRef = F56BD60D2B20E5F600EBF131 /* Menu.swift */; };
		F56BD6132B20E5F600EBF131 /* Helper.swift in Sources */ = {isa = PBXBuildFile; fileRef = F56BD60E2B20E5F600EBF131 /* Helper.swift */; };
		F56BD6162B20E6E700EBF131 /* MenuView.swift in Sources */ = {isa = PBXBuildFile; fileRef = F56BD6152B20E6E700EBF131 /* MenuView.swift */; };
		F56BD6182B20EF3800EBF131 /* RowMenuView.swift in Sources */ = {isa = PBXBuildFile; fileRef = F56BD6172B20EF3800EBF131 /* RowMenuView.swift */; };
		F588B6372B23A75B00D5FCA1 /* CheckoutView.swift in Sources */ = {isa = PBXBuildFile; fileRef = F588B6362B23A75B00D5FCA1 /* CheckoutView.swift */; };
		F5BDCA1F2B224F8200B5BA59 /* ItemDetailView.swift in Sources */ = {isa = PBXBuildFile; fileRef = F5BDCA1E2B224F8200B5BA59 /* ItemDetailView.swift */; };
		F5BDCA212B2257DA00B5BA59 /* OrderView.swift in Sources */ = {isa = PBXBuildFile; fileRef = F5BDCA202B2257DA00B5BA59 /* OrderView.swift */; };
		F5BDCA232B225F2200B5BA59 /* MainView.swift in Sources */ = {isa = PBXBuildFile; fileRef = F5BDCA222B225F2200B5BA59 /* MainView.swift */; };
		F5D6EB422B2465D2007ADA9C /* FavoriteView.swift in Sources */ = {isa = PBXBuildFile; fileRef = F5D6EB412B2465D2007ADA9C /* FavoriteView.swift */; };
/* End PBXBuildFile section */

/* Begin PBXFileReference section */
		F56BD5F92B20E44D00EBF131 /* HackingSwift.app */ = {isa = PBXFileReference; explicitFileType = wrapper.application; includeInIndex = 0; path = HackingSwift.app; sourceTree = BUILT_PRODUCTS_DIR; };
		F56BD5FC2B20E44D00EBF131 /* HackingSwiftApp.swift */ = {isa = PBXFileReference; lastKnownFileType = sourcecode.swift; path = HackingSwiftApp.swift; sourceTree = "<group>"; };
		F56BD5FE2B20E44D00EBF131 /* ContentView.swift */ = {isa = PBXFileReference; lastKnownFileType = sourcecode.swift; path = ContentView.swift; sourceTree = "<group>"; };
		F56BD6002B20E44E00EBF131 /* Assets.xcassets */ = {isa = PBXFileReference; lastKnownFileType = folder.assetcatalog; path = Assets.xcassets; sourceTree = "<group>"; };
		F56BD6032B20E44E00EBF131 /* Preview Assets.xcassets */ = {isa = PBXFileReference; lastKnownFileType = folder.assetcatalog; path = "Preview Assets.xcassets"; sourceTree = "<group>"; };
		F56BD60B2B20E5F600EBF131 /* Order.swift */ = {isa = PBXFileReference; fileEncoding = 4; lastKnownFileType = sourcecode.swift; name = Order.swift; path = ../../../Downloads/idine/Order.swift; sourceTree = "<group>"; };
		F56BD60C2B20E5F600EBF131 /* menu.json */ = {isa = PBXFileReference; fileEncoding = 4; lastKnownFileType = text.json; name = menu.json; path = ../../../Downloads/idine/menu.json; sourceTree = "<group>"; };
		F56BD60D2B20E5F600EBF131 /* Menu.swift */ = {isa = PBXFileReference; fileEncoding = 4; lastKnownFileType = sourcecode.swift; name = Menu.swift; path = ../../../Downloads/idine/Menu.swift; sourceTree = "<group>"; };
		F56BD60E2B20E5F600EBF131 /* Helper.swift */ = {isa = PBXFileReference; fileEncoding = 4; lastKnownFileType = sourcecode.swift; name = Helper.swift; path = ../../../Downloads/idine/Helper.swift; sourceTree = "<group>"; };
		F56BD6152B20E6E700EBF131 /* MenuView.swift */ = {isa = PBXFileReference; lastKnownFileType = sourcecode.swift; path = MenuView.swift; sourceTree = "<group>"; };
		F56BD6172B20EF3800EBF131 /* RowMenuView.swift */ = {isa = PBXFileReference; lastKnownFileType = sourcecode.swift; path = RowMenuView.swift; sourceTree = "<group>"; };
		F588B6362B23A75B00D5FCA1 /* CheckoutView.swift */ = {isa = PBXFileReference; lastKnownFileType = sourcecode.swift; path = CheckoutView.swift; sourceTree = "<group>"; };
		F5BDCA1E2B224F8200B5BA59 /* ItemDetailView.swift */ = {isa = PBXFileReference; lastKnownFileType = sourcecode.swift; path = ItemDetailView.swift; sourceTree = "<group>"; };
		F5BDCA202B2257DA00B5BA59 /* OrderView.swift */ = {isa = PBXFileReference; lastKnownFileType = sourcecode.swift; path = OrderView.swift; sourceTree = "<group>"; };
		F5BDCA222B225F2200B5BA59 /* MainView.swift */ = {isa = PBXFileReference; lastKnownFileType = sourcecode.swift; path = MainView.swift; sourceTree = "<group>"; };
		F5D6EB412B2465D2007ADA9C /* FavoriteView.swift */ = {isa = PBXFileReference; lastKnownFileType = sourcecode.swift; path = FavoriteView.swift; sourceTree = "<group>"; };
/* End PBXFileReference section */

/* Begin PBXFrameworksBuildPhase section */
		F56BD5F62B20E44D00EBF131 /* Frameworks */ = {
			isa = PBXFrameworksBuildPhase;
			buildActionMask = 2147483647;
			files = (
			);
			runOnlyForDeploymentPostprocessing = 0;
		};
/* End PBXFrameworksBuildPhase section */

/* Begin PBXGroup section */
		F56BD5F02B20E44C00EBF131 = {
			isa = PBXGroup;
			children = (
				F56BD5FB2B20E44D00EBF131 /* HackingSwift */,
				F56BD5FA2B20E44D00EBF131 /* Products */,
			);
			sourceTree = "<group>";
		};
		F56BD5FA2B20E44D00EBF131 /* Products */ = {
			isa = PBXGroup;
			children = (
				F56BD5F92B20E44D00EBF131 /* HackingSwift.app */,
			);
			name = Products;
			sourceTree = "<group>";
		};
		F56BD5FB2B20E44D00EBF131 /* HackingSwift */ = {
			isa = PBXGroup;
			children = (
				F56BD6142B20E6DC00EBF131 /* MenuView */,
				F56BD60E2B20E5F600EBF131 /* Helper.swift */,
				F56BD60C2B20E5F600EBF131 /* menu.json */,
				F56BD60D2B20E5F600EBF131 /* Menu.swift */,
				F56BD60B2B20E5F600EBF131 /* Order.swift */,
				F56BD5FC2B20E44D00EBF131 /* HackingSwiftApp.swift */,
				F56BD5FE2B20E44D00EBF131 /* ContentView.swift */,
				F56BD6002B20E44E00EBF131 /* Assets.xcassets */,
				F56BD6022B20E44E00EBF131 /* Preview Content */,
			);
			path = HackingSwift;
			sourceTree = "<group>";
		};
		F56BD6022B20E44E00EBF131 /* Preview Content */ = {
			isa = PBXGroup;
			children = (
				F56BD6032B20E44E00EBF131 /* Preview Assets.xcassets */,
			);
			path = "Preview Content";
			sourceTree = "<group>";
		};
		F56BD6142B20E6DC00EBF131 /* MenuView */ = {
			isa = PBXGroup;
			children = (
				F56BD6152B20E6E700EBF131 /* MenuView.swift */,
				F56BD6172B20EF3800EBF131 /* RowMenuView.swift */,
				F5BDCA1E2B224F8200B5BA59 /* ItemDetailView.swift */,
				F5BDCA202B2257DA00B5BA59 /* OrderView.swift */,
				F5BDCA222B225F2200B5BA59 /* MainView.swift */,
				F588B6362B23A75B00D5FCA1 /* CheckoutView.swift */,
				F5D6EB412B2465D2007ADA9C /* FavoriteView.swift */,
			);
			path = MenuView;
			sourceTree = "<group>";
		};
/* End PBXGroup section */

/* Begin PBXNativeTarget section */
		F56BD5F82B20E44D00EBF131 /* HackingSwift */ = {
			isa = PBXNativeTarget;
			buildConfigurationList = F56BD6072B20E44E00EBF131 /* Build configuration list for PBXNativeTarget "HackingSwift" */;
			buildPhases = (
				F56BD5F52B20E44D00EBF131 /* Sources */,
				F56BD5F62B20E44D00EBF131 /* Frameworks */,
				F56BD5F72B20E44D00EBF131 /* Resources */,
			);
			buildRules = (
			);
			dependencies = (
			);
			name = HackingSwift;
			productName = HackingSwift;
			productReference = F56BD5F92B20E44D00EBF131 /* HackingSwift.app */;
			productType = "com.apple.product-type.application";
		};
/* End PBXNativeTarget section */

/* Begin PBXProject section */
		F56BD5F12B20E44C00EBF131 /* Project object */ = {
			isa = PBXProject;
			attributes = {
				BuildIndependentTargetsInParallel = 1;
				LastSwiftUpdateCheck = 1500;
				LastUpgradeCheck = 1500;
				TargetAttributes = {
					F56BD5F82B20E44D00EBF131 = {
						CreatedOnToolsVersion = 15.0.1;
					};
				};
			};
			buildConfigurationList = F56BD5F42B20E44C00EBF131 /* Build configuration list for PBXProject "HackingSwift" */;
			compatibilityVersion = "Xcode 14.0";
			developmentRegion = en;
			hasScannedForEncodings = 0;
			knownRegions = (
				en,
				Base,
			);
			mainGroup = F56BD5F02B20E44C00EBF131;
			productRefGroup = F56BD5FA2B20E44D00EBF131 /* Products */;
			projectDirPath = "";
			projectRoot = "";
			targets = (
				F56BD5F82B20E44D00EBF131 /* HackingSwift */,
			);
		};
/* End PBXProject section */

/* Begin PBXResourcesBuildPhase section */
		F56BD5F72B20E44D00EBF131 /* Resources */ = {
			isa = PBXResourcesBuildPhase;
			buildActionMask = 2147483647;
			files = (
				F56BD6042B20E44E00EBF131 /* Preview Assets.xcassets in Resources */,
				F56BD6112B20E5F600EBF131 /* menu.json in Resources */,
				F56BD6012B20E44E00EBF131 /* Assets.xcassets in Resources */,
			);
			runOnlyForDeploymentPostprocessing = 0;
		};
/* End PBXResourcesBuildPhase section */

/* Begin PBXSourcesBuildPhase section */
		F56BD5F52B20E44D00EBF131 /* Sources */ = {
			isa = PBXSourcesBuildPhase;
			buildActionMask = 2147483647;
			files = (
				F56BD6102B20E5F600EBF131 /* Order.swift in Sources */,
				F588B6372B23A75B00D5FCA1 /* CheckoutView.swift in Sources */,
				F56BD6162B20E6E700EBF131 /* MenuView.swift in Sources */,
				F56BD6182B20EF3800EBF131 /* RowMenuView.swift in Sources */,
				F5D6EB422B2465D2007ADA9C /* FavoriteView.swift in Sources */,
				F5BDCA232B225F2200B5BA59 /* MainView.swift in Sources */,
				F56BD5FF2B20E44D00EBF131 /* ContentView.swift in Sources */,
				F5BDCA1F2B224F8200B5BA59 /* ItemDetailView.swift in Sources */,
				F56BD6132B20E5F600EBF131 /* Helper.swift in Sources */,
				F5BDCA212B2257DA00B5BA59 /* OrderView.swift in Sources */,
				F56BD6122B20E5F600EBF131 /* Menu.swift in Sources */,
				F56BD5FD2B20E44D00EBF131 /* HackingSwiftApp.swift in Sources */,
			);
			runOnlyForDeploymentPostprocessing = 0;
		};
/* End PBXSourcesBuildPhase section */

/* Begin XCBuildConfiguration section */
		F56BD6052B20E44E00EBF131 /* Debug */ = {
			isa = XCBuildConfiguration;
			buildSettings = {
				ALWAYS_SEARCH_USER_PATHS = NO;
				ASSETCATALOG_COMPILER_GENERATE_SWIFT_ASSET_SYMBOL_EXTENSIONS = YES;
				CLANG_ANALYZER_NONNULL = YES;
				CLANG_ANALYZER_NUMBER_OBJECT_CONVERSION = YES_AGGRESSIVE;
				CLANG_CXX_LANGUAGE_STANDARD = "gnu++20";
				CLANG_ENABLE_MODULES = YES;
				CLANG_ENABLE_OBJC_ARC = YES;
				CLANG_ENABLE_OBJC_WEAK = YES;
				CLANG_WARN_BLOCK_CAPTURE_AUTORELEASING = YES;
				CLANG_WARN_BOOL_CONVERSION = YES;
				CLANG_WARN_COMMA = YES;
				CLANG_WARN_CONSTANT_CONVERSION = YES;
				CLANG_WARN_DEPRECATED_OBJC_IMPLEMENTATIONS = YES;
				CLANG_WARN_DIRECT_OBJC_ISA_USAGE = YES_ERROR;
				CLANG_WARN_DOCUMENTATION_COMMENTS = YES;
				CLANG_WARN_EMPTY_BODY = YES;
				CLANG_WARN_ENUM_CONVERSION = YES;
				CLANG_WARN_INFINITE_RECURSION = YES;
				CLANG_WARN_INT_CONVERSION = YES;
				CLANG_WARN_NON_LITERAL_NULL_CONVERSION = YES;
				CLANG_WARN_OBJC_IMPLICIT_RETAIN_SELF = YES;
				CLANG_WARN_OBJC_LITERAL_CONVERSION = YES;
				CLANG_WARN_OBJC_ROOT_CLASS = YES_ERROR;
				CLANG_WARN_QUOTED_INCLUDE_IN_FRAMEWORK_HEADER = YES;
				CLANG_WARN_RANGE_LOOP_ANALYSIS = YES;
				CLANG_WARN_STRICT_PROTOTYPES = YES;
				CLANG_WARN_SUSPICIOUS_MOVE = YES;
				CLANG_WARN_UNGUARDED_AVAILABILITY = YES_AGGRESSIVE;
				CLANG_WARN_UNREACHABLE_CODE = YES;
				CLANG_WARN__DUPLICATE_METHOD_MATCH = YES;
				COPY_PHASE_STRIP = NO;
				DEBUG_INFORMATION_FORMAT = dwarf;
				ENABLE_STRICT_OBJC_MSGSEND = YES;
				ENABLE_TESTABILITY = YES;
				ENABLE_USER_SCRIPT_SANDBOXING = YES;
				GCC_C_LANGUAGE_STANDARD = gnu17;
				GCC_DYNAMIC_NO_PIC = NO;
				GCC_NO_COMMON_BLOCKS = YES;
				GCC_OPTIMIZATION_LEVEL = 0;
				GCC_PREPROCESSOR_DEFINITIONS = (
					"DEBUG=1",
					"$(inherited)",
				);
				GCC_WARN_64_TO_32_BIT_CONVERSION = YES;
				GCC_WARN_ABOUT_RETURN_TYPE = YES_ERROR;
				GCC_WARN_UNDECLARED_SELECTOR = YES;
				GCC_WARN_UNINITIALIZED_AUTOS = YES_AGGRESSIVE;
				GCC_WARN_UNUSED_FUNCTION = YES;
				GCC_WARN_UNUSED_VARIABLE = YES;
				IPHONEOS_DEPLOYMENT_TARGET = 17.0;
				LOCALIZATION_PREFERS_STRING_CATALOGS = YES;
				MTL_ENABLE_DEBUG_INFO = INCLUDE_SOURCE;
				MTL_FAST_MATH = YES;
				ONLY_ACTIVE_ARCH = YES;
				SDKROOT = iphoneos;
				SWIFT_ACTIVE_COMPILATION_CONDITIONS = "DEBUG $(inherited)";
				SWIFT_OPTIMIZATION_LEVEL = "-Onone";
			};
			name = Debug;
		};
		F56BD6062B20E44E00EBF131 /* Release */ = {
			isa = XCBuildConfiguration;
			buildSettings = {
				ALWAYS_SEARCH_USER_PATHS = NO;
				ASSETCATALOG_COMPILER_GENERATE_SWIFT_ASSET_SYMBOL_EXTENSIONS = YES;
				CLANG_ANALYZER_NONNULL = YES;
				CLANG_ANALYZER_NUMBER_OBJECT_CONVERSION = YES_AGGRESSIVE;
				CLANG_CXX_LANGUAGE_STANDARD = "gnu++20";
				CLANG_ENABLE_MODULES = YES;
				CLANG_ENABLE_OBJC_ARC = YES;
				CLANG_ENABLE_OBJC_WEAK = YES;
				CLANG_WARN_BLOCK_CAPTURE_AUTORELEASING = YES;
				CLANG_WARN_BOOL_CONVERSION = YES;
				CLANG_WARN_COMMA = YES;
				CLANG_WARN_CONSTANT_CONVERSION = YES;
				CLANG_WARN_DEPRECATED_OBJC_IMPLEMENTATIONS = YES;
				CLANG_WARN_DIRECT_OBJC_ISA_USAGE = YES_ERROR;
				CLANG_WARN_DOCUMENTATION_COMMENTS = YES;
				CLANG_WARN_EMPTY_BODY = YES;
				CLANG_WARN_ENUM_CONVERSION = YES;
				CLANG_WARN_INFINITE_RECURSION = YES;
				CLANG_WARN_INT_CONVERSION = YES;
				CLANG_WARN_NON_LITERAL_NULL_CONVERSION = YES;
				CLANG_WARN_OBJC_IMPLICIT_RETAIN_SELF = YES;
				CLANG_WARN_OBJC_LITERAL_CONVERSION = YES;
				CLANG_WARN_OBJC_ROOT_CLASS = YES_ERROR;
				CLANG_WARN_QUOTED_INCLUDE_IN_FRAMEWORK_HEADER = YES;
				CLANG_WARN_RANGE_LOOP_ANALYSIS = YES;
				CLANG_WARN_STRICT_PROTOTYPES = YES;
				CLANG_WARN_SUSPICIOUS_MOVE = YES;
				CLANG_WARN_UNGUARDED_AVAILABILITY = YES_AGGRESSIVE;
				CLANG_WARN_UNREACHABLE_CODE = YES;
				CLANG_WARN__DUPLICATE_METHOD_MATCH = YES;
				COPY_PHASE_STRIP = NO;
				DEBUG_INFORMATION_FORMAT = "dwarf-with-dsym";
				ENABLE_NS_ASSERTIONS = NO;
				ENABLE_STRICT_OBJC_MSGSEND = YES;
				ENABLE_USER_SCRIPT_SANDBOXING = YES;
				GCC_C_LANGUAGE_STANDARD = gnu17;
				GCC_NO_COMMON_BLOCKS = YES;
				GCC_WARN_64_TO_32_BIT_CONVERSION = YES;
				GCC_WARN_ABOUT_RETURN_TYPE = YES_ERROR;
				GCC_WARN_UNDECLARED_SELECTOR = YES;
				GCC_WARN_UNINITIALIZED_AUTOS = YES_AGGRESSIVE;
				GCC_WARN_UNUSED_FUNCTION = YES;
				GCC_WARN_UNUSED_VARIABLE = YES;
				IPHONEOS_DEPLOYMENT_TARGET = 17.0;
				LOCALIZATION_PREFERS_STRING_CATALOGS = YES;
				MTL_ENABLE_DEBUG_INFO = NO;
				MTL_FAST_MATH = YES;
				SDKROOT = iphoneos;
				SWIFT_COMPILATION_MODE = wholemodule;
				VALIDATE_PRODUCT = YES;
			};
			name = Release;
		};
		F56BD6082B20E44E00EBF131 /* Debug */ = {
			isa = XCBuildConfiguration;
			buildSettings = {
				ASSETCATALOG_COMPILER_APPICON_NAME = AppIcon;
				ASSETCATALOG_COMPILER_GLOBAL_ACCENT_COLOR_NAME = AccentColor;
				CODE_SIGN_STYLE = Automatic;
				CURRENT_PROJECT_VERSION = 1;
				DEVELOPMENT_ASSET_PATHS = "\"HackingSwift/Preview Content\"";
				DEVELOPMENT_TEAM = LCQF82W4UF;
				ENABLE_PREVIEWS = YES;
				GENERATE_INFOPLIST_FILE = YES;
				INFOPLIST_KEY_UIApplicationSceneManifest_Generation = YES;
				INFOPLIST_KEY_UIApplicationSupportsIndirectInputEvents = YES;
				INFOPLIST_KEY_UILaunchScreen_Generation = YES;
				INFOPLIST_KEY_UISupportedInterfaceOrientations_iPad = "UIInterfaceOrientationPortrait UIInterfaceOrientationPortraitUpsideDown UIInterfaceOrientationLandscapeLeft UIInterfaceOrientationLandscapeRight";
				INFOPLIST_KEY_UISupportedInterfaceOrientations_iPhone = "UIInterfaceOrientationPortrait UIInterfaceOrientationLandscapeLeft UIInterfaceOrientationLandscapeRight";
				LD_RUNPATH_SEARCH_PATHS = (
					"$(inherited)",
					"@executable_path/Frameworks",
				);
				MARKETING_VERSION = 1.0;
				PRODUCT_BUNDLE_IDENTIFIER = com.mami.HackingSwift;
				PRODUCT_NAME = "$(TARGET_NAME)";
				SWIFT_EMIT_LOC_STRINGS = YES;
				SWIFT_VERSION = 5.0;
				TARGETED_DEVICE_FAMILY = "1,2";
			};
			name = Debug;
		};
		F56BD6092B20E44E00EBF131 /* Release */ = {
			isa = XCBuildConfiguration;
			buildSettings = {
				ASSETCATALOG_COMPILER_APPICON_NAME = AppIcon;
				ASSETCATALOG_COMPILER_GLOBAL_ACCENT_COLOR_NAME = AccentColor;
				CODE_SIGN_STYLE = Automatic;
				CURRENT_PROJECT_VERSION = 1;
				DEVELOPMENT_ASSET_PATHS = "\"HackingSwift/Preview Content\"";
				DEVELOPMENT_TEAM = LCQF82W4UF;
				ENABLE_PREVIEWS = YES;
				GENERATE_INFOPLIST_FILE = YES;
				INFOPLIST_KEY_UIApplicationSceneManifest_Generation = YES;
				INFOPLIST_KEY_UIApplicationSupportsIndirectInputEvents = YES;
				INFOPLIST_KEY_UILaunchScreen_Generation = YES;
				INFOPLIST_KEY_UISupportedInterfaceOrientations_iPad = "UIInterfaceOrientationPortrait UIInterfaceOrientationPortraitUpsideDown UIInterfaceOrientationLandscapeLeft UIInterfaceOrientationLandscapeRight";
				INFOPLIST_KEY_UISupportedInterfaceOrientations_iPhone = "UIInterfaceOrientationPortrait UIInterfaceOrientationLandscapeLeft UIInterfaceOrientationLandscapeRight";
				LD_RUNPATH_SEARCH_PATHS = (
					"$(inherited)",
					"@executable_path/Frameworks",
				);
				MARKETING_VERSION = 1.0;
				PRODUCT_BUNDLE_IDENTIFIER = com.mami.HackingSwift;
				PRODUCT_NAME = "$(TARGET_NAME)";
				SWIFT_EMIT_LOC_STRINGS = YES;
				SWIFT_VERSION = 5.0;
				TARGETED_DEVICE_FAMILY = "1,2";
			};
			name = Release;
		};
/* End XCBuildConfiguration section */

/* Begin XCConfigurationList section */
		F56BD5F42B20E44C00EBF131 /* Build configuration list for PBXProject "HackingSwift" */ = {
			isa = XCConfigurationList;
			buildConfigurations = (
				F56BD6052B20E44E00EBF131 /* Debug */,
				F56BD6062B20E44E00EBF131 /* Release */,
			);
			defaultConfigurationIsVisible = 0;
			defaultConfigurationName = Release;
		};
		F56BD6072B20E44E00EBF131 /* Build configuration list for PBXNativeTarget "HackingSwift" */ = {
			isa = XCConfigurationList;
			buildConfigurations = (
				F56BD6082B20E44E00EBF131 /* Debug */,
				F56BD6092B20E44E00EBF131 /* Release */,
			);
			defaultConfigurationIsVisible = 0;
			defaultConfigurationName = Release;
		};
/* End XCConfigurationList section */
	};
	rootObject = F56BD5F12B20E44C00EBF131 /* Project object */;
}
